
Microsoft Visual Studio Solution File, Format Version 12.00
# Visual Studio Version 17
VisualStudioVersion = 17.3.32901.215
MinimumVisualStudioVersion = 10.0.40219.1
Project("{9A19103F-16F7-4668-BE54-9A1E7A4F7556}") = "Oefening1", "Oefening1\Oefening1.csproj", "{9AF4895C-2061-49A4-82D4-070DA1E954C5}"
EndProject
Project("{9A19103F-16F7-4668-BE54-9A1E7A4F7556}") = "Oefening2", "Oefening2\Oefening2.csproj", "{F5DB7B40-6708-49B7-B372-1B8A4B957D58}"
EndProject
Project("{FAE04EC0-301F-11D3-BF4B-00C04F79EFBC}") = "Oefening3", "Oefening3\Oefening3.csproj", "{68524AAB-150E-4504-9CA2-2B38B34DF43A}"
EndProject
Global
	GlobalSection(SolutionConfigurationPlatforms) = preSolution
		Debug|Any CPU = Debug|Any CPU
		Release|Any CPU = Release|Any CPU
	EndGlobalSection
	GlobalSection(ProjectConfigurationPlatforms) = postSolution
		{9AF4895C-2061-49A4-82D4-070DA1E954C5}.Debug|Any CPU.ActiveCfg = Debug|Any CPU
		{9AF4895C-2061-49A4-82D4-070DA1E954C5}.Debug|Any CPU.Build.0 = Debug|Any CPU
		{9AF4895C-2061-49A4-82D4-070DA1E954C5}.Release|Any CPU.ActiveCfg = Release|Any CPU
		{9AF4895C-2061-49A4-82D4-070DA1E954C5}.Release|Any CPU.Build.0 = Release|Any CPU
		{F5DB7B40-6708-49B7-B372-1B8A4B957D58}.Debug|Any CPU.ActiveCfg = Debug|Any CPU
		{F5DB7B40-6708-49B7-B372-1B8A4B957D58}.Debug|Any CPU.Build.0 = Debug|Any CPU
		{F5DB7B40-6708-49B7-B372-1B8A4B957D58}.Release|Any CPU.ActiveCfg = Release|Any CPU
		{F5DB7B40-6708-49B7-B372-1B8A4B957D58}.Release|Any CPU.Build.0 = Release|Any CPU
		{68524AAB-150E-4504-9CA2-2B38B34DF43A}.Debug|Any CPU.ActiveCfg = Debug|Any CPU
		{68524AAB-150E-4504-9CA2-2B38B34DF43A}.Debug|Any CPU.Build.0 = Debug|Any CPU
		{68524AAB-150E-4504-9CA2-2B38B34DF43A}.Release|Any CPU.ActiveCfg = Release|Any CPU
		{68524AAB-150E-4504-9CA2-2B38B34DF43A}.Release|Any CPU.Build.0 = Release|Any CPU
	EndGlobalSection
	GlobalSection(SolutionProperties) = preSolution
		HideSolutionNode = FALSE
	EndGlobalSection
	GlobalSection(ExtensibilityGlobals) = postSolution
		SolutionGuid = {881AF1ED-4C94-45A6-82A6-ABD8687BD7F0}
	EndGlobalSection
EndGlobal
